{
  "name": "letspack",
  "version": "1.1.2",
  "lockfileVersion": 1,
  "requires": true,
  "dependencies": {
    "autoprefixer": {
      "version": "10.2.5",
      "resolved": "https://registry.npmjs.org/autoprefixer/-/autoprefixer-10.2.5.tgz",
      "integrity": "sha512-7H4AJZXvSsn62SqZyJCP+1AWwOuoYpUfK6ot9vm0e87XD6mT8lDywc9D9OTJPMULyGcvmIxzTAMeG2Cc+YX+fA==",
      "requires": {
        "browserslist": "^4.16.3",
        "caniuse-lite": "^1.0.30001196",
        "colorette": "^1.2.2",
        "fraction.js": "^4.0.13",
        "normalize-range": "^0.1.2",
        "postcss-value-parser": "^4.1.0"
      }
    },
    "browserslist": {
      "version": "4.16.3",
      "resolved": "https://registry.npmjs.org/browserslist/-/browserslist-4.16.3.tgz",
      "integrity": "sha512-vIyhWmIkULaq04Gt93txdh+j02yX/JzlyhLYbV3YQCn/zvES3JnY7TifHHvvr1w5hTDluNKMkV05cs4vy8Q7sw==",
      "requires": {
        "caniuse-lite": "^1.0.30001181",
        "colorette": "^1.2.1",
        "electron-to-chromium": "^1.3.649",
        "escalade": "^3.1.1",
        "node-releases": "^1.1.70"
      }
    },
    "buffer-from": {
      "version": "1.1.1",
      "resolved": "https://registry.npmjs.org/buffer-from/-/buffer-from-1.1.1.tgz",
      "integrity": "sha512-MQcXEUbCKtEo7bhqEs6560Hyd4XaovZlO/k9V3hjVUF/zwW7KBVdSK4gIt/bzwS9MbR5qob+F5jusZsb0YQK2A=="
    },
    "caniuse-lite": {
      "version": "1.0.30001196",
      "resolved": "https://registry.npmjs.org/caniuse-lite/-/caniuse-lite-1.0.30001196.tgz",
      "integrity": "sha512-CPvObjD3ovWrNBaXlAIGWmg2gQQuJ5YhuciUOjPRox6hIQttu8O+b51dx6VIpIY9ESd2d0Vac1RKpICdG4rGUg=="
    },
    "colorette": {
      "version": "1.2.2",
      "resolved": "https://registry.npmjs.org/colorette/-/colorette-1.2.2.tgz",
      "integrity": "sha512-MKGMzyfeuutC/ZJ1cba9NqcNpfeqMUcYmyF1ZFY6/Cn7CNSAKx6a+s48sqLqyAiZuaP2TcqMhoo+dlwFnVxT9w=="
    },
    "commander": {
      "version": "2.20.3",
      "resolved": "https://registry.npmjs.org/commander/-/commander-2.20.3.tgz",
      "integrity": "sha512-GpVkmM8vF2vQUkj2LvZmD35JxeJOLCwJ9cUkugyk2nuhbv3+mJvpLYYt+0+USMxE+oj+ey/lJEnhZw75x/OMcQ=="
    },
    "css-tree": {
      "version": "1.1.2",
      "resolved": "https://registry.npmjs.org/css-tree/-/css-tree-1.1.2.tgz",
      "integrity": "sha512-wCoWush5Aeo48GLhfHPbmvZs59Z+M7k5+B1xDnXbdWNcEF423DoFdqSWE0PM5aNk5nI5cp1q7ms36zGApY/sKQ==",
      "requires": {
        "mdn-data": "2.0.14",
        "source-map": "^0.6.1"
      },
      "dependencies": {
        "source-map": {
          "version": "0.6.1",
          "resolved": "https://registry.npmjs.org/source-map/-/source-map-0.6.1.tgz",
          "integrity": "sha512-UjgapumWlbMhkBgzT7Ykc5YXUT46F0iKu8SGXq0bcwP5dz/h0Plj6enJqjz1Zbq2l5WaqYnrVbwWOWMyF3F47g=="
        }
      }
    },
    "csso": {
      "version": "4.2.0",
      "resolved": "https://registry.npmjs.org/csso/-/csso-4.2.0.tgz",
      "integrity": "sha512-wvlcdIbf6pwKEk7vHj8/Bkc0B4ylXZruLvOgs9doS5eOsOpuodOV2zJChSpkp+pRpYQLQMeF04nr3Z68Sta9jA==",
      "requires": {
        "css-tree": "^1.1.2"
      }
    },
    "electron-to-chromium": {
      "version": "1.3.682",
      "resolved": "https://registry.npmjs.org/electron-to-chromium/-/electron-to-chromium-1.3.682.tgz",
      "integrity": "sha512-zok2y37qR00U14uM6qBz/3iIjWHom2eRfC2S1StA0RslP7x34jX+j4mxv80t8OEOHLJPVG54ZPeaFxEI7gPrwg=="
    },
    "escalade": {
      "version": "3.1.1",
      "resolved": "https://registry.npmjs.org/escalade/-/escalade-3.1.1.tgz",
      "integrity": "sha512-k0er2gUkLf8O0zKJiAhmkTnJlTvINGv7ygDNPbeIsX/TJjGJZHuh9B2UxbsaEkmlEo9MfhrSzmhIlhRlI2GXnw=="
    },
    "fraction.js": {
      "version": "4.0.13",
      "resolved": "https://registry.npmjs.org/fraction.js/-/fraction.js-4.0.13.tgz",
      "integrity": "sha512-E1fz2Xs9ltlUp+qbiyx9wmt2n9dRzPsS11Jtdb8D2o+cC7wr9xkkKsVKJuBX0ST+LVS+LhLO+SbLJNtfWcJvXA=="
    },
    "function-bind": {
      "version": "1.1.1",
      "resolved": "https://registry.npmjs.org/function-bind/-/function-bind-1.1.1.tgz",
      "integrity": "sha512-yIovAzMX49sF8Yl58fSCWJ5svSLuaibPxXQJFLmBObTuCr0Mf1KiPopGM9NiFjiYBCbfaa2Fh6breQ6ANVTI0A=="
    },
    "has": {
      "version": "1.0.3",
      "resolved": "https://registry.npmjs.org/has/-/has-1.0.3.tgz",
      "integrity": "sha512-f2dvO0VU6Oej7RkWJGrehjbzMAjFp5/VKPp5tTpWIV4JHHZK1/BxbFRtf/siA2SWTe09caDmVtYYzWEIbBS4zw==",
      "requires": {
        "function-bind": "^1.1.1"
      }
    },
    "is-core-module": {
      "version": "2.2.0",
      "resolved": "https://registry.npmjs.org/is-core-module/-/is-core-module-2.2.0.tgz",
      "integrity": "sha512-XRAfAdyyY5F5cOXn7hYQDqh2Xmii+DEfIcQGxK/uNwMHhIkPWO0g8msXcbzLe+MpGoR951MlqM/2iIlU4vKDdQ==",
      "requires": {
        "has": "^1.0.3"
      }
    },
    "md5-file": {
      "version": "5.0.0",
      "resolved": "https://registry.npmjs.org/md5-file/-/md5-file-5.0.0.tgz",
      "integrity": "sha512-xbEFXCYVWrSx/gEKS1VPlg84h/4L20znVIulKw6kMfmBUAZNAnF00eczz9ICMl+/hjQGo5KSXRxbL/47X3rmMw=="
    },
    "mdn-data": {
      "version": "2.0.14",
      "resolved": "https://registry.npmjs.org/mdn-data/-/mdn-data-2.0.14.tgz",
      "integrity": "sha512-dn6wd0uw5GsdswPFfsgMp5NSB0/aDe6fK94YJV/AJDYXL6HVLWBsxeq7js7Ad+mU2K9LAlwpk6kN2D5mwCPVow=="
    },
    "nanoid": {
      "version": "3.1.22",
      "resolved": "https://registry.npmjs.org/nanoid/-/nanoid-3.1.22.tgz",
      "integrity": "sha512-/2ZUaJX2ANuLtTvqTlgqBQNJoQO398KyJgZloL0PZkC0dpysjncRUPsFe3DUPzz/y3h+u7C46np8RMuvF3jsSQ=="
    },
    "node-releases": {
      "version": "1.1.71",
      "resolved": "https://registry.npmjs.org/node-releases/-/node-releases-1.1.71.tgz",
      "integrity": "sha512-zR6HoT6LrLCRBwukmrVbHv0EpEQjksO6GmFcZQQuCAy139BEsoVKPYnf3jongYW83fAa1torLGYwxxky/p28sg=="
    },
    "normalize-range": {
      "version": "0.1.2",
      "resolved": "https://registry.npmjs.org/normalize-range/-/normalize-range-0.1.2.tgz",
      "integrity": "sha1-LRDAa9/TEuqXd2laTShDlFa3WUI="
    },
    "path-parse": {
      "version": "1.0.6",
      "resolved": "https://registry.npmjs.org/path-parse/-/path-parse-1.0.6.tgz",
      "integrity": "sha512-GSmOT2EbHrINBf9SR7CDELwlJ8AENk3Qn7OikK4nFYAu3Ote2+JYNVvkpAEQm3/TLNEJFD/xZJjzyxg3KBWOzw=="
    },
    "pify": {
      "version": "2.3.0",
      "resolved": "https://registry.npmjs.org/pify/-/pify-2.3.0.tgz",
      "integrity": "sha1-7RQaasBDqEnqWISY59yosVMw6Qw="
    },
    "postcss": {
      "version": "8.2.8",
      "resolved": "https://registry.npmjs.org/postcss/-/postcss-8.2.8.tgz",
      "integrity": "sha512-1F0Xb2T21xET7oQV9eKuctbM9S7BC0fetoHCc4H13z0PT6haiRLP4T0ZY4XWh7iLP0usgqykT6p9B2RtOf4FPw==",
      "requires": {
        "colorette": "^1.2.2",
        "nanoid": "^3.1.20",
        "source-map": "^0.6.1"
      }
    },
    "postcss-csso": {
      "version": "5.0.0",
      "resolved": "https://registry.npmjs.org/postcss-csso/-/postcss-csso-5.0.0.tgz",
      "integrity": "sha512-Y4PfUrVhg6CBLB9EUrHDI8zrSxZusxCPIfojrnKYBYgtBZI/89/WNTsRbsq0g3N7FqLotdy39qy9fdlCsKvWbg==",
      "requires": {
        "csso": "^4.0.2"
      }
    },
    "postcss-import": {
      "version": "14.0.0",
      "resolved": "https://registry.npmjs.org/postcss-import/-/postcss-import-14.0.0.tgz",
      "integrity": "sha512-gFDDzXhqr9ELmnLHgCC3TbGfA6Dm/YMb/UN8/f7Uuq4fL7VTk2vOIj6hwINEwbokEmp123bLD7a5m+E+KIetRg==",
      "requires": {
        "postcss-value-parser": "^4.0.0",
        "read-cache": "^1.0.0",
        "resolve": "^1.1.7"
      }
    },
    "postcss-value-parser": {
      "version": "4.1.0",
      "resolved": "https://registry.npmjs.org/postcss-value-parser/-/postcss-value-parser-4.1.0.tgz",
      "integrity": "sha512-97DXOFbQJhk71ne5/Mt6cOu6yxsSfM0QGQyl0L25Gca4yGWEGJaig7l7gbCX623VqTBNGLRLaVUCnNkcedlRSQ=="
    },
    "read-cache": {
      "version": "1.0.0",
      "resolved": "https://registry.npmjs.org/read-cache/-/read-cache-1.0.0.tgz",
      "integrity": "sha1-5mTvMRYRZsl1HNvo28+GtftY93Q=",
      "requires": {
        "pify": "^2.3.0"
      }
    },
    "resolve": {
      "version": "1.19.0",
      "resolved": "https://registry.npmjs.org/resolve/-/resolve-1.19.0.tgz",
      "integrity": "sha512-rArEXAgsBG4UgRGcynxWIWKFvh/XZCcS8UJdHhwy91zwAvCZIbcs+vAbflgBnNjYMs/i/i+/Ux6IZhML1yPvxg==",
      "requires": {
        "is-core-module": "^2.1.0",
        "path-parse": "^1.0.6"
      }
    },
    "source-map": {
      "version": "0.6.1",
      "resolved": "https://registry.npmjs.org/source-map/-/source-map-0.6.1.tgz",
      "integrity": "sha512-UjgapumWlbMhkBgzT7Ykc5YXUT46F0iKu8SGXq0bcwP5dz/h0Plj6enJqjz1Zbq2l5WaqYnrVbwWOWMyF3F47g=="
    },
    "source-map-support": {
      "version": "0.5.19",
      "resolved": "https://registry.npmjs.org/source-map-support/-/source-map-support-0.5.19.tgz",
      "integrity": "sha512-Wonm7zOCIJzBGQdB+thsPar0kYuCIzYvxZwlBa87yi/Mdjv7Tip2cyVbLj5o0cFPN4EVkuTwb3GDDyUx2DGnGw==",
      "requires": {
        "buffer-from": "^1.0.0",
        "source-map": "^0.6.0"
      }
    },
    "terser": {
      "version": "5.6.0",
      "resolved": "https://registry.npmjs.org/terser/-/terser-5.6.0.tgz",
      "integrity": "sha512-vyqLMoqadC1uR0vywqOZzriDYzgEkNJFK4q9GeyOBHIbiECHiWLKcWfbQWAUaPfxkjDhapSlZB9f7fkMrvkVjA==",
      "requires": {
        "commander": "^2.20.0",
        "source-map": "~0.7.2",
        "source-map-support": "~0.5.19"
      },
      "dependencies": {
        "source-map": {
          "version": "0.7.3",
          "resolved": "https://registry.npmjs.org/source-map/-/source-map-0.7.3.tgz",
          "integrity": "sha512-CkCj6giN3S+n9qrYiBTX5gystlENnRW5jZeNLHpe6aue+SrHcG5VYwujhW9s4dY31mEGsxBDrHR6oI69fTXsaQ=="
        }
      }
    },
    "typescript": {
      "version": "4.2.3",
      "resolved": "https://registry.npmjs.org/typescript/-/typescript-4.2.3.tgz",
      "integrity": "sha512-qOcYwxaByStAWrBf4x0fibwZvMRG+r4cQoTjbPtUlrWjBHbmCAww1i448U0GJ+3cNNEtebDteo/cHOR3xJ4wEw==",
      "dev": true
    }
  }
}
